
Microsoft Visual Studio Solution File, Format Version 12.00
# Visual Studio Version 16
VisualStudioVersion = 16.0.33423.256
MinimumVisualStudioVersion = 10.0.40219.1
Project("{FAE04EC0-301F-11D3-BF4B-00C04F79EFBC}") = "DesignPatterns", "DesignPatterns\DesignPatterns.csproj", "{289AF99B-3204-4934-9945-B0C5C316FFBC}"
EndProject
Global
	GlobalSection(SolutionConfigurationPlatforms) = preSolution
		Debug|Any CPU = Debug|Any CPU
		Release|Any CPU = Release|Any CPU
	EndGlobalSection
	GlobalSection(ProjectConfigurationPlatforms) = postSolution
		{289AF99B-3204-4934-9945-B0C5C316FFBC}.Debug|Any CPU.ActiveCfg = Debug|Any CPU
		{289AF99B-3204-4934-9945-B0C5C316FFBC}.Debug|Any CPU.Build.0 = Debug|Any CPU
		{289AF99B-3204-4934-9945-B0C5C316FFBC}.Release|Any CPU.ActiveCfg = Release|Any CPU
		{289AF99B-3204-4934-9945-B0C5C316FFBC}.Release|Any CPU.Build.0 = Release|Any CPU
	EndGlobalSection
	GlobalSection(SolutionProperties) = preSolution
		HideSolutionNode = FALSE
	EndGlobalSection
	GlobalSection(ExtensibilityGlobals) = postSolution
		SolutionGuid = {5DB9F8FD-58A5-4A37-A245-37E6E328614A}
	EndGlobalSection
EndGlobal
